
Microsoft Visual Studio Solution File, Format Version 12.00
# Visual Studio Version 17
VisualStudioVersion = 17.1.31911.260
MinimumVisualStudioVersion = 10.0.40219.1
Project("{2150E333-8FDC-42A3-9474-1A3956D46DE8}") = "src", "src", "{9A62110B-B671-4893-B31D-D2D6036A4A03}"
EndProject
Project("{9A19103F-16F7-4668-BE54-9A1E7A4F7556}") = "KnowledgeSpace.BackendServer", "src\KnowledgeSpace.BackendServer\KnowledgeSpace.BackendServer.csproj", "{A944BC66-8D8E-4CD6-9C0C-04560282D3BE}"
EndProject
Project("{9A19103F-16F7-4668-BE54-9A1E7A4F7556}") = "KnowledgeSpace.ViewModels", "src\KnowledgeSpace.ViewModels\KnowledgeSpace.ViewModels.csproj", "{629CE8EF-9C02-4036-A2B6-866BE9EEBB8D}"
EndProject
Project("{9A19103F-16F7-4668-BE54-9A1E7A4F7556}") = "KnowledgeSpace.WebPortal", "src\KnowledgeSpace.WebPortal\KnowledgeSpace.WebPortal.csproj", "{075A0708-2578-492A-B8D0-E5107FA5863D}"
EndProject
Project("{2150E333-8FDC-42A3-9474-1A3956D46DE8}") = "Solution Items", "Solution Items", "{0DAE96BF-46EF-4453-9C05-D621C8E39AAD}"
	ProjectSection(SolutionItems) = preProject
		.editorconfig = .editorconfig
		resources\cache-table.sql = resources\cache-table.sql
		README.md = README.md
	EndProjectSection
EndProject
Project("{2150E333-8FDC-42A3-9474-1A3956D46DE8}") = "tests", "tests", "{5A4404AD-EAFE-4A05-8C75-42FB5357F11D}"
EndProject
Project("{FAE04EC0-301F-11D3-BF4B-00C04F79EFBC}") = "KnowledgeSpace.BackendServer.UnitTest", "tests\KnowledgeSpace.BackendServer.UnitTest\KnowledgeSpace.BackendServer.UnitTest.csproj", "{70E8A39D-5DA6-4A3D-AC5C-A44EE0600E9A}"
EndProject
Global
	GlobalSection(SolutionConfigurationPlatforms) = preSolution
		Debug|Any CPU = Debug|Any CPU
		Release|Any CPU = Release|Any CPU
	EndGlobalSection
	GlobalSection(ProjectConfigurationPlatforms) = postSolution
		{A944BC66-8D8E-4CD6-9C0C-04560282D3BE}.Debug|Any CPU.ActiveCfg = Debug|Any CPU
		{A944BC66-8D8E-4CD6-9C0C-04560282D3BE}.Debug|Any CPU.Build.0 = Debug|Any CPU
		{A944BC66-8D8E-4CD6-9C0C-04560282D3BE}.Release|Any CPU.ActiveCfg = Release|Any CPU
		{A944BC66-8D8E-4CD6-9C0C-04560282D3BE}.Release|Any CPU.Build.0 = Release|Any CPU
		{629CE8EF-9C02-4036-A2B6-866BE9EEBB8D}.Debug|Any CPU.ActiveCfg = Debug|Any CPU
		{629CE8EF-9C02-4036-A2B6-866BE9EEBB8D}.Debug|Any CPU.Build.0 = Debug|Any CPU
		{629CE8EF-9C02-4036-A2B6-866BE9EEBB8D}.Release|Any CPU.ActiveCfg = Release|Any CPU
		{629CE8EF-9C02-4036-A2B6-866BE9EEBB8D}.Release|Any CPU.Build.0 = Release|Any CPU
		{075A0708-2578-492A-B8D0-E5107FA5863D}.Debug|Any CPU.ActiveCfg = Debug|Any CPU
		{075A0708-2578-492A-B8D0-E5107FA5863D}.Debug|Any CPU.Build.0 = Debug|Any CPU
		{075A0708-2578-492A-B8D0-E5107FA5863D}.Release|Any CPU.ActiveCfg = Release|Any CPU
		{075A0708-2578-492A-B8D0-E5107FA5863D}.Release|Any CPU.Build.0 = Release|Any CPU
		{70E8A39D-5DA6-4A3D-AC5C-A44EE0600E9A}.Debug|Any CPU.ActiveCfg = Debug|Any CPU
		{70E8A39D-5DA6-4A3D-AC5C-A44EE0600E9A}.Debug|Any CPU.Build.0 = Debug|Any CPU
		{70E8A39D-5DA6-4A3D-AC5C-A44EE0600E9A}.Release|Any CPU.ActiveCfg = Release|Any CPU
		{70E8A39D-5DA6-4A3D-AC5C-A44EE0600E9A}.Release|Any CPU.Build.0 = Release|Any CPU
	EndGlobalSection
	GlobalSection(SolutionProperties) = preSolution
		HideSolutionNode = FALSE
	EndGlobalSection
	GlobalSection(NestedProjects) = preSolution
		{A944BC66-8D8E-4CD6-9C0C-04560282D3BE} = {9A62110B-B671-4893-B31D-D2D6036A4A03}
		{629CE8EF-9C02-4036-A2B6-866BE9EEBB8D} = {9A62110B-B671-4893-B31D-D2D6036A4A03}
		{075A0708-2578-492A-B8D0-E5107FA5863D} = {9A62110B-B671-4893-B31D-D2D6036A4A03}
		{70E8A39D-5DA6-4A3D-AC5C-A44EE0600E9A} = {5A4404AD-EAFE-4A05-8C75-42FB5357F11D}
	EndGlobalSection
	GlobalSection(ExtensibilityGlobals) = postSolution
		SolutionGuid = {32D52735-AB6D-48C5-822E-2BBF903B2060}
	EndGlobalSection
EndGlobal
